
Microsoft Visual Studio Solution File, Format Version 12.00
# Visual Studio Version 18
VisualStudioVersion = 18.0.11010.61
MinimumVisualStudioVersion = 15.0.26124.0
Project("{2150E333-8FDC-42A3-9474-1A3956D46DE8}") = "src", "src", "{2999BE8A-2C03-4997-957A-66142629BCD5}"
EndProject
Project("{2150E333-8FDC-42A3-9474-1A3956D46DE8}") = "tests", "tests", "{44ED8342-082C-465B-A52B-92E35CFFF5FF}"
EndProject
Project("{2150E333-8FDC-42A3-9474-1A3956D46DE8}") = "_Solution Items", "_Solution Items", "{70942B41-08AF-4D88-A95A-31811AD32599}"
	ProjectSection(SolutionItems) = preProject
		.editorconfig = .editorconfig
	EndProjectSection
EndProject
Project("{FAE04EC0-301F-11D3-BF4B-00C04F79EFBC}") = "TechVeo.Notification.Application", "src\TechVeo.Notification.Application\TechVeo.Notification.Application.csproj", "{374297A7-9910-E643-7E06-CDFBD1A1A5FB}"
EndProject
Project("{FAE04EC0-301F-11D3-BF4B-00C04F79EFBC}") = "TechVeo.Notification.Infra", "src\TechVeo.Notification.Infra\TechVeo.Notification.Infra.csproj", "{4D3543D7-B459-CACD-5FD7-5DC6B4F84C89}"
EndProject
Project("{FAE04EC0-301F-11D3-BF4B-00C04F79EFBC}") = "TechVeo.Notification.Worker", "src\TechVeo.Notification.Worker\TechVeo.Notification.Worker.csproj", "{57DE1523-2084-F14D-C389-0114B9F873D0}"
EndProject
Project("{FAE04EC0-301F-11D3-BF4B-00C04F79EFBC}") = "TechVeo.Notification.Application.Tests", "tests\TechVeo.Notification.Application.Tests\TechVeo.Notification.Application.Tests.csproj", "{2259ABB0-AE7A-5DA3-38A8-5F95C2735A42}"
EndProject
Project("{FAE04EC0-301F-11D3-BF4B-00C04F79EFBC}") = "TechVeo.Notification.Domain", "src\TechVeo.Notification.Domain\TechVeo.Notification.Domain.csproj", "{5BEF75AD-1A3F-AA76-7E0B-08B4DCE94857}"
EndProject
Project("{FAE04EC0-301F-11D3-BF4B-00C04F79EFBC}") = "TechVeo.Notification.Contracts", "src\TechVeo.Notification.Contracts\TechVeo.Notification.Contracts.csproj", "{74EF59DD-325C-3E63-C64F-49776D1B0DFB}"
EndProject
Project("{FAE04EC0-301F-11D3-BF4B-00C04F79EFBC}") = "TechVeo.Notification.Domain.Tests", "tests\TechVeo.Notification.Domain.Tests\TechVeo.Notification.Domain.Tests.csproj", "{C3D4E5F6-A7B8-4789-CDEF-123456789012}"
EndProject
Project("{FAE04EC0-301F-11D3-BF4B-00C04F79EFBC}") = "TechVeo.Notification.Integration.Tests", "tests\TechVeo.Notification.Integration.Tests\TechVeo.Notification.Integration.Tests.csproj", "{D4E5F6A7-B8C9-4789-DEF0-234567890123}"
EndProject
Global
	GlobalSection(SolutionConfigurationPlatforms) = preSolution
		Debug|Any CPU = Debug|Any CPU
		Debug|x64 = Debug|x64
		Debug|x86 = Debug|x86
		Release|Any CPU = Release|Any CPU
		Release|x64 = Release|x64
		Release|x86 = Release|x86
	EndGlobalSection
	GlobalSection(ProjectConfigurationPlatforms) = postSolution
		{374297A7-9910-E643-7E06-CDFBD1A1A5FB}.Debug|Any CPU.ActiveCfg = Debug|Any CPU
		{374297A7-9910-E643-7E06-CDFBD1A1A5FB}.Debug|Any CPU.Build.0 = Debug|Any CPU
		{374297A7-9910-E643-7E06-CDFBD1A1A5FB}.Debug|x64.ActiveCfg = Debug|Any CPU
		{374297A7-9910-E643-7E06-CDFBD1A1A5FB}.Debug|x64.Build.0 = Debug|Any CPU
		{374297A7-9910-E643-7E06-CDFBD1A1A5FB}.Debug|x86.ActiveCfg = Debug|Any CPU
		{374297A7-9910-E643-7E06-CDFBD1A1A5FB}.Debug|x86.Build.0 = Debug|Any CPU
		{374297A7-9910-E643-7E06-CDFBD1A1A5FB}.Release|Any CPU.ActiveCfg = Release|Any CPU
		{374297A7-9910-E643-7E06-CDFBD1A1A5FB}.Release|Any CPU.Build.0 = Release|Any CPU
		{374297A7-9910-E643-7E06-CDFBD1A1A5FB}.Release|x64.ActiveCfg = Release|Any CPU
		{374297A7-9910-E643-7E06-CDFBD1A1A5FB}.Release|x64.Build.0 = Release|Any CPU
		{374297A7-9910-E643-7E06-CDFBD1A1A5FB}.Release|x86.ActiveCfg = Release|Any CPU
		{374297A7-9910-E643-7E06-CDFBD1A1A5FB}.Release|x86.Build.0 = Release|Any CPU
		{4D3543D7-B459-CACD-5FD7-5DC6B4F84C89}.Debug|Any CPU.ActiveCfg = Debug|Any CPU
		{4D3543D7-B459-CACD-5FD7-5DC6B4F84C89}.Debug|Any CPU.Build.0 = Debug|Any CPU
		{4D3543D7-B459-CACD-5FD7-5DC6B4F84C89}.Debug|x64.ActiveCfg = Debug|Any CPU
		{4D3543D7-B459-CACD-5FD7-5DC6B4F84C89}.Debug|x64.Build.0 = Debug|Any CPU
		{4D3543D7-B459-CACD-5FD7-5DC6B4F84C89}.Debug|x86.ActiveCfg = Debug|Any CPU
		{4D3543D7-B459-CACD-5FD7-5DC6B4F84C89}.Debug|x86.Build.0 = Debug|Any CPU
		{4D3543D7-B459-CACD-5FD7-5DC6B4F84C89}.Release|Any CPU.ActiveCfg = Release|Any CPU
		{4D3543D7-B459-CACD-5FD7-5DC6B4F84C89}.Release|Any CPU.Build.0 = Release|Any CPU
		{4D3543D7-B459-CACD-5FD7-5DC6B4F84C89}.Release|x64.ActiveCfg = Release|Any CPU
		{4D3543D7-B459-CACD-5FD7-5DC6B4F84C89}.Release|x64.Build.0 = Release|Any CPU
		{4D3543D7-B459-CACD-5FD7-5DC6B4F84C89}.Release|x86.ActiveCfg = Release|Any CPU
		{4D3543D7-B459-CACD-5FD7-5DC6B4F84C89}.Release|x86.Build.0 = Release|Any CPU
		{57DE1523-2084-F14D-C389-0114B9F873D0}.Debug|Any CPU.ActiveCfg = Debug|Any CPU
		{57DE1523-2084-F14D-C389-0114B9F873D0}.Debug|Any CPU.Build.0 = Debug|Any CPU
		{57DE1523-2084-F14D-C389-0114B9F873D0}.Debug|x64.ActiveCfg = Debug|Any CPU
		{57DE1523-2084-F14D-C389-0114B9F873D0}.Debug|x64.Build.0 = Debug|Any CPU
		{57DE1523-2084-F14D-C389-0114B9F873D0}.Debug|x86.ActiveCfg = Debug|Any CPU
		{57DE1523-2084-F14D-C389-0114B9F873D0}.Debug|x86.Build.0 = Debug|Any CPU
		{57DE1523-2084-F14D-C389-0114B9F873D0}.Release|Any CPU.ActiveCfg = Release|Any CPU
		{57DE1523-2084-F14D-C389-0114B9F873D0}.Release|Any CPU.Build.0 = Release|Any CPU
		{57DE1523-2084-F14D-C389-0114B9F873D0}.Release|x64.ActiveCfg = Release|Any CPU
		{57DE1523-2084-F14D-C389-0114B9F873D0}.Release|x64.Build.0 = Release|Any CPU
		{57DE1523-2084-F14D-C389-0114B9F873D0}.Release|x86.ActiveCfg = Release|Any CPU
		{57DE1523-2084-F14D-C389-0114B9F873D0}.Release|x86.Build.0 = Release|Any CPU
		{2259ABB0-AE7A-5DA3-38A8-5F95C2735A42}.Debug|Any CPU.ActiveCfg = Debug|Any CPU
		{2259ABB0-AE7A-5DA3-38A8-5F95C2735A42}.Debug|Any CPU.Build.0 = Debug|Any CPU
		{2259ABB0-AE7A-5DA3-38A8-5F95C2735A42}.Debug|x64.ActiveCfg = Debug|Any CPU
		{2259ABB0-AE7A-5DA3-38A8-5F95C2735A42}.Debug|x64.Build.0 = Debug|Any CPU
		{2259ABB0-AE7A-5DA3-38A8-5F95C2735A42}.Debug|x86.ActiveCfg = Debug|Any CPU
		{2259ABB0-AE7A-5DA3-38A8-5F95C2735A42}.Debug|x86.Build.0 = Debug|Any CPU
		{2259ABB0-AE7A-5DA3-38A8-5F95C2735A42}.Release|Any CPU.ActiveCfg = Release|Any CPU
		{2259ABB0-AE7A-5DA3-38A8-5F95C2735A42}.Release|Any CPU.Build.0 = Release|Any CPU
		{2259ABB0-AE7A-5DA3-38A8-5F95C2735A42}.Release|x64.ActiveCfg = Release|Any CPU
		{2259ABB0-AE7A-5DA3-38A8-5F95C2735A42}.Release|x64.Build.0 = Release|Any CPU
		{2259ABB0-AE7A-5DA3-38A8-5F95C2735A42}.Release|x86.ActiveCfg = Release|Any CPU
		{2259ABB0-AE7A-5DA3-38A8-5F95C2735A42}.Release|x86.Build.0 = Release|Any CPU
		{5BEF75AD-1A3F-AA76-7E0B-08B4DCE94857}.Debug|Any CPU.ActiveCfg = Debug|Any CPU
		{5BEF75AD-1A3F-AA76-7E0B-08B4DCE94857}.Debug|Any CPU.Build.0 = Debug|Any CPU
		{5BEF75AD-1A3F-AA76-7E0B-08B4DCE94857}.Debug|x64.ActiveCfg = Debug|Any CPU
		{5BEF75AD-1A3F-AA76-7E0B-08B4DCE94857}.Debug|x64.Build.0 = Debug|Any CPU
		{5BEF75AD-1A3F-AA76-7E0B-08B4DCE94857}.Debug|x86.ActiveCfg = Debug|Any CPU
		{5BEF75AD-1A3F-AA76-7E0B-08B4DCE94857}.Debug|x86.Build.0 = Debug|Any CPU
		{5BEF75AD-1A3F-AA76-7E0B-08B4DCE94857}.Release|Any CPU.ActiveCfg = Release|Any CPU
		{5BEF75AD-1A3F-AA76-7E0B-08B4DCE94857}.Release|Any CPU.Build.0 = Release|Any CPU
		{5BEF75AD-1A3F-AA76-7E0B-08B4DCE94857}.Release|x64.ActiveCfg = Release|Any CPU
		{5BEF75AD-1A3F-AA76-7E0B-08B4DCE94857}.Release|x64.Build.0 = Release|Any CPU
		{5BEF75AD-1A3F-AA76-7E0B-08B4DCE94857}.Release|x86.ActiveCfg = Release|Any CPU
		{5BEF75AD-1A3F-AA76-7E0B-08B4DCE94857}.Release|x86.Build.0 = Release|Any CPU
		{74EF59DD-325C-3E63-C64F-49776D1B0DFB}.Debug|Any CPU.ActiveCfg = Debug|Any CPU
		{74EF59DD-325C-3E63-C64F-49776D1B0DFB}.Debug|Any CPU.Build.0 = Debug|Any CPU
		{74EF59DD-325C-3E63-C64F-49776D1B0DFB}.Debug|x64.ActiveCfg = Debug|Any CPU
		{74EF59DD-325C-3E63-C64F-49776D1B0DFB}.Debug|x64.Build.0 = Debug|Any CPU
		{74EF59DD-325C-3E63-C64F-49776D1B0DFB}.Debug|x86.ActiveCfg = Debug|Any CPU
		{74EF59DD-325C-3E63-C64F-49776D1B0DFB}.Debug|x86.Build.0 = Debug|Any CPU
		{74EF59DD-325C-3E63-C64F-49776D1B0DFB}.Release|Any CPU.ActiveCfg = Release|Any CPU
		{74EF59DD-325C-3E63-C64F-49776D1B0DFB}.Release|Any CPU.Build.0 = Release|Any CPU
		{74EF59DD-325C-3E63-C64F-49776D1B0DFB}.Release|x64.ActiveCfg = Release|Any CPU
		{74EF59DD-325C-3E63-C64F-49776D1B0DFB}.Release|x64.Build.0 = Release|Any CPU
		{74EF59DD-325C-3E63-C64F-49776D1B0DFB}.Release|x86.ActiveCfg = Release|Any CPU
		{74EF59DD-325C-3E63-C64F-49776D1B0DFB}.Release|x86.Build.0 = Release|Any CPU
		{C3D4E5F6-A7B8-4789-CDEF-123456789012}.Debug|Any CPU.ActiveCfg = Debug|Any CPU
		{C3D4E5F6-A7B8-4789-CDEF-123456789012}.Debug|Any CPU.Build.0 = Debug|Any CPU
		{C3D4E5F6-A7B8-4789-CDEF-123456789012}.Debug|x64.ActiveCfg = Debug|Any CPU
		{C3D4E5F6-A7B8-4789-CDEF-123456789012}.Debug|x64.Build.0 = Debug|Any CPU
		{C3D4E5F6-A7B8-4789-CDEF-123456789012}.Debug|x86.ActiveCfg = Debug|Any CPU
		{C3D4E5F6-A7B8-4789-CDEF-123456789012}.Debug|x86.Build.0 = Debug|Any CPU
		{C3D4E5F6-A7B8-4789-CDEF-123456789012}.Release|Any CPU.ActiveCfg = Release|Any CPU
		{C3D4E5F6-A7B8-4789-CDEF-123456789012}.Release|Any CPU.Build.0 = Release|Any CPU
		{C3D4E5F6-A7B8-4789-CDEF-123456789012}.Release|x64.ActiveCfg = Release|Any CPU
		{C3D4E5F6-A7B8-4789-CDEF-123456789012}.Release|x64.Build.0 = Release|Any CPU
		{C3D4E5F6-A7B8-4789-CDEF-123456789012}.Release|x86.ActiveCfg = Release|Any CPU
		{C3D4E5F6-A7B8-4789-CDEF-123456789012}.Release|x86.Build.0 = Release|Any CPU
		{D4E5F6A7-B8C9-4789-DEF0-234567890123}.Debug|Any CPU.ActiveCfg = Debug|Any CPU
		{D4E5F6A7-B8C9-4789-DEF0-234567890123}.Debug|Any CPU.Build.0 = Debug|Any CPU
		{D4E5F6A7-B8C9-4789-DEF0-234567890123}.Debug|x64.ActiveCfg = Debug|Any CPU
		{D4E5F6A7-B8C9-4789-DEF0-234567890123}.Debug|x64.Build.0 = Debug|Any CPU
		{D4E5F6A7-B8C9-4789-DEF0-234567890123}.Debug|x86.ActiveCfg = Debug|Any CPU
		{D4E5F6A7-B8C9-4789-DEF0-234567890123}.Debug|x86.Build.0 = Debug|Any CPU
		{D4E5F6A7-B8C9-4789-DEF0-234567890123}.Release|Any CPU.ActiveCfg = Release|Any CPU
		{D4E5F6A7-B8C9-4789-DEF0-234567890123}.Release|Any CPU.Build.0 = Release|Any CPU
		{D4E5F6A7-B8C9-4789-DEF0-234567890123}.Release|x64.ActiveCfg = Release|Any CPU
		{D4E5F6A7-B8C9-4789-DEF0-234567890123}.Release|x64.Build.0 = Release|Any CPU
		{D4E5F6A7-B8C9-4789-DEF0-234567890123}.Release|x86.ActiveCfg = Release|Any CPU
		{D4E5F6A7-B8C9-4789-DEF0-234567890123}.Release|x86.Build.0 = Release|Any CPU
	EndGlobalSection
	GlobalSection(SolutionProperties) = preSolution
		HideSolutionNode = FALSE
	EndGlobalSection
	GlobalSection(NestedProjects) = preSolution
		{374297A7-9910-E643-7E06-CDFBD1A1A5FB} = {2999BE8A-2C03-4997-957A-66142629BCD5}
		{4D3543D7-B459-CACD-5FD7-5DC6B4F84C89} = {2999BE8A-2C03-4997-957A-66142629BCD5}
		{57DE1523-2084-F14D-C389-0114B9F873D0} = {2999BE8A-2C03-4997-957A-66142629BCD5}
		{5BEF75AD-1A3F-AA76-7E0B-08B4DCE94857} = {2999BE8A-2C03-4997-957A-66142629BCD5}
		{74EF59DD-325C-3E63-C64F-49776D1B0DFB} = {2999BE8A-2C03-4997-957A-66142629BCD5}
		{2259ABB0-AE7A-5DA3-38A8-5F95C2735A42} = {44ED8342-082C-465B-A52B-92E35CFFF5FF}
		{C3D4E5F6-A7B8-4789-CDEF-123456789012} = {44ED8342-082C-465B-A52B-92E35CFFF5FF}
		{D4E5F6A7-B8C9-4789-DEF0-234567890123} = {44ED8342-082C-465B-A52B-92E35CFFF5FF}
	EndGlobalSection
	GlobalSection(ExtensibilityGlobals) = postSolution
		SolutionGuid = {08492C5F-0B0F-4434-9AAF-5ED0298B15BF}
	EndGlobalSection
EndGlobal
